
Microsoft Visual Studio Solution File, Format Version 12.00
# Visual Studio 15
VisualStudioVersion = 15.0.28307.539
MinimumVisualStudioVersion = 10.0.40219.1
Project("{FAE04EC0-301F-11D3-BF4B-00C04F79EFBC}") = "MatchSumGoogle", "MatchSumGoogle\MatchSumGoogle.csproj", "{42CA2336-64CC-4E9B-A803-5BEEFF8ED9FD}"
EndProject
Global
	GlobalSection(SolutionConfigurationPlatforms) = preSolution
		Debug|Any CPU = Debug|Any CPU
		Release|Any CPU = Release|Any CPU
	EndGlobalSection
	GlobalSection(ProjectConfigurationPlatforms) = postSolution
		{42CA2336-64CC-4E9B-A803-5BEEFF8ED9FD}.Debug|Any CPU.ActiveCfg = Debug|Any CPU
		{42CA2336-64CC-4E9B-A803-5BEEFF8ED9FD}.Debug|Any CPU.Build.0 = Debug|Any CPU
		{42CA2336-64CC-4E9B-A803-5BEEFF8ED9FD}.Release|Any CPU.ActiveCfg = Release|Any CPU
		{42CA2336-64CC-4E9B-A803-5BEEFF8ED9FD}.Release|Any CPU.Build.0 = Release|Any CPU
	EndGlobalSection
	GlobalSection(SolutionProperties) = preSolution
		HideSolutionNode = FALSE
	EndGlobalSection
	GlobalSection(ExtensibilityGlobals) = postSolution
		SolutionGuid = {1A5F9E7D-E161-425B-9E38-D7E62CAC4758}
	EndGlobalSection
EndGlobal
